{
  "version": 4,
  "terraform_version": "1.8.4",
  "serial": 17,
  "lineage": "9ba7e866-e644-35d5-85e5-fe7db558b65f",
  "outputs": {
    "account_id": {
      "value": "730335639652",
      "type": "string"
    },
    "sample_user_access_key_id": {
      "value": "AKIA2UC3FPBSOELF73U3",
      "type": "string"
    },
    "sample_user_name": {
      "value": "sample_user",
      "type": "string"
    },
    "sample_user_secret_access_key": {
      "value": "S5bBtIyAJdeLjyQGtllSBed+69TW0dlpfZH0Cu5y",
      "type": "string",
      "sensitive": true
    }
  },
  "resources": [
    {
      "mode": "data",
      "type": "aws_caller_identity",
      "name": "sampleuser_current_caller_identity",
      "provider": "provider[\"registry.terraform.io/hashicorp/aws\"]",
      "instances": [
        {
          "schema_version": 0,
          "attributes": {
            "account_id": "730335639652",
            "arn": "arn:aws:iam::730335639652:root",
            "id": "730335639652",
            "user_id": "730335639652"
          },
          "sensitive_attributes": []
        }
      ]
    },
    {
      "mode": "managed",
      "type": "aws_iam_access_key",
      "name": "sample_user_access_key",
      "provider": "provider[\"registry.terraform.io/hashicorp/aws\"]",
      "instances": [
        {
          "schema_version": 0,
          "attributes": {
            "create_date": "2024-06-06T05:45:41Z",
            "encrypted_secret": null,
            "encrypted_ses_smtp_password_v4": null,
            "id": "AKIA2UC3FPBSOELF73U3",
            "key_fingerprint": null,
            "pgp_key": null,
            "secret": "S5bBtIyAJdeLjyQGtllSBed+69TW0dlpfZH0Cu5y",
            "ses_smtp_password_v4": "BNzYk6pivAihW8XuMPWZFTS3zlzg3ADVT1b7esBU+j1X",
            "status": "Active",
            "user": "sample_user"
          },
          "sensitive_attributes": [
            [
              {
                "type": "get_attr",
                "value": "secret"
              }
            ],
            [
              {
                "type": "get_attr",
                "value": "ses_smtp_password_v4"
              }
            ]
          ],
          "private": "bnVsbA==",
          "dependencies": [
            "aws_iam_user.sample_user"
          ]
        }
      ]
    },
    {
      "mode": "managed",
      "type": "aws_iam_policy",
      "name": "allow_password_change",
      "provider": "provider[\"registry.terraform.io/hashicorp/aws\"]",
      "instances": [
        {
          "schema_version": 0,
          "attributes": {
            "arn": "arn:aws:iam::730335639652:policy/AllowPasswordChange",
            "attachment_count": 0,
            "description": "A policy to allow IAM users for password change",
            "id": "arn:aws:iam::730335639652:policy/AllowPasswordChange",
            "name": "AllowPasswordChange",
            "name_prefix": "",
            "path": "/",
            "policy": "{\"Statement\":[{\"Action\":\"iam:ChangePassword\",\"Effect\":\"Allow\",\"Resource\":\"*\"}],\"Version\":\"2012-10-17\"}",
            "policy_id": "ANPA2UC3FPBSBB3RSFCSB",
            "tags": null,
            "tags_all": {}
          },
          "sensitive_attributes": [],
          "private": "bnVsbA=="
        }
      ]
    },
    {
      "mode": "managed",
      "type": "aws_iam_policy",
      "name": "sample_policy",
      "provider": "provider[\"registry.terraform.io/hashicorp/aws\"]",
      "instances": [
        {
          "schema_version": 0,
          "attributes": {
            "arn": "arn:aws:iam::730335639652:policy/sample_policy",
            "attachment_count": 0,
            "description": "A policy for the example user",
            "id": "arn:aws:iam::730335639652:policy/sample_policy",
            "name": "sample_policy",
            "name_prefix": "",
            "path": "/",
            "policy": "{\"Statement\":[{\"Action\":\"s3:*\",\"Effect\":\"Allow\",\"Resource\":\"*\"}],\"Version\":\"2012-10-17\"}",
            "policy_id": "ANPA2UC3FPBSBGNFBTL5U",
            "tags": null,
            "tags_all": {}
          },
          "sensitive_attributes": [],
          "private": "bnVsbA=="
        }
      ]
    },
    {
      "mode": "managed",
      "type": "aws_iam_user",
      "name": "sample_user",
      "provider": "provider[\"registry.terraform.io/hashicorp/aws\"]",
      "instances": [
        {
          "schema_version": 0,
          "attributes": {
            "arn": "arn:aws:iam::730335639652:user/sample_user",
            "force_destroy": false,
            "id": "sample_user",
            "name": "sample_user",
            "path": "/",
            "permissions_boundary": "",
            "tags": {},
            "tags_all": {},
            "unique_id": "AIDA2UC3FPBSJZCJ6S4BH"
          },
          "sensitive_attributes": [],
          "private": "bnVsbA=="
        }
      ]
    },
    {
      "mode": "managed",
      "type": "aws_iam_user_policy_attachment",
      "name": "password_change_policy_attachment",
      "provider": "provider[\"registry.terraform.io/hashicorp/aws\"]",
      "instances": [
        {
          "schema_version": 0,
          "attributes": {
            "id": "sample_user-20240606074143323000000001",
            "policy_arn": "arn:aws:iam::730335639652:policy/AllowPasswordChange",
            "user": "sample_user"
          },
          "sensitive_attributes": [],
          "private": "bnVsbA==",
          "dependencies": [
            "aws_iam_policy.allow_password_change",
            "aws_iam_user.sample_user"
          ]
        }
      ]
    },
    {
      "mode": "managed",
      "type": "aws_iam_user_policy_attachment",
      "name": "sample_user_policy_attachment",
      "provider": "provider[\"registry.terraform.io/hashicorp/aws\"]",
      "instances": [
        {
          "schema_version": 0,
          "attributes": {
            "id": "sample_user-20240606074144530700000002",
            "policy_arn": "arn:aws:iam::730335639652:policy/sample_policy",
            "user": "sample_user"
          },
          "sensitive_attributes": [],
          "private": "bnVsbA==",
          "dependencies": [
            "aws_iam_policy.sample_policy",
            "aws_iam_user.sample_user"
          ]
        }
      ]
    }
  ],
  "check_results": null
}
